Microsoft Visual Studio Solution File, Format Version 12.00
# Visual Studio 2012
Project("{FAE04EC0-301F-11D3-BF4B-00C04F79EFBC}") = "godot-midas-depth", "godot-midas-depth.csproj", "{93C42283-6E06-4309-BB09-80176B2419F1}"
EndProject
Global
	GlobalSection(SolutionConfigurationPlatforms) = preSolution
		Release|Any CPU = Release|Any CPU
		Debug|x86 = Debug|x86
		Debug|Any CPU = Debug|Any CPU
		Debug|x64 = Debug|x64
		ExportDebug|Any CPU = ExportDebug|Any CPU
		ExportRelease|Any CPU = ExportRelease|Any CPU
	EndGlobalSection
	GlobalSection(ProjectConfigurationPlatforms) = postSolution
		{93C42283-6E06-4309-BB09-80176B2419F1}.Release|Any CPU.ActiveCfg = Release|Any CPU
		{93C42283-6E06-4309-BB09-80176B2419F1}.Release|Any CPU.Build.0 = Release|Any CPU
		{93C42283-6E06-4309-BB09-80176B2419F1}.Debug|x86.ActiveCfg = Debug|x86
		{93C42283-6E06-4309-BB09-80176B2419F1}.Debug|x86.Build.0 = Debug|x86
		{93C42283-6E06-4309-BB09-80176B2419F1}.ExportDebug|Any CPU.ActiveCfg = ExportDebug|Any CPU
		{93C42283-6E06-4309-BB09-80176B2419F1}.ExportDebug|Any CPU.Build.0 = ExportDebug|Any CPU
		{93C42283-6E06-4309-BB09-80176B2419F1}.ExportRelease|Any CPU.ActiveCfg = ExportRelease|Any CPU
		{93C42283-6E06-4309-BB09-80176B2419F1}.ExportRelease|Any CPU.Build.0 = ExportRelease|Any CPU
		{93C42283-6E06-4309-BB09-80176B2419F1}.Debug|Any CPU.ActiveCfg = Debug|Any CPU
		{93C42283-6E06-4309-BB09-80176B2419F1}.Debug|Any CPU.Build.0 = Debug|Any CPU
		{93C42283-6E06-4309-BB09-80176B2419F1}.Debug|x64.ActiveCfg = Debug|x64
		{93C42283-6E06-4309-BB09-80176B2419F1}.Debug|x64.Build.0 = Debug|x64
	EndGlobalSection
EndGlobal
